PODS:
  - AFNetworking (2.3.1):
    - AFNetworking/NSURLConnection
    - AFNetworking/NSURLSession
    - AFNetworking/Reachability
    - AFNetworking/Security
    - AFNetworking/Serialization
    - AFNetworking/UIKit
  - AFNetworking/NSURLConnection (2.3.1):
    - AFNetworking/Reachability
    - AFNetworking/Security
    - AFNetworking/Serialization
  - AFNetworking/NSURLSession (2.3.1):
    - AFNetworking/Reachability
    - AFNetworking/Security
    - AFNetworking/Serialization
  - AFNetworking/Reachability (2.3.1)
  - AFNetworking/Security (2.3.1)
  - AFNetworking/Serialization (2.3.1)
  - AFNetworking/UIKit (2.3.1):
    - AFNetworking/NSURLConnection
    - AFNetworking/NSURLSession
  - ALMoviePlayerController (0.3.0)
  - EasyTableView (1.1.1)
  - FMDB (2.3):
    - FMDB/standard
  - FMDB/common (2.3)
  - FMDB/standard (2.3):
    - FMDB/common
  - JSONKit (1.5pre)
  - OpenUDID (1.0.0)
  - pop (1.0.6)
  - Reachability (3.0.0)
  - RegexKitLite (4.0)
  - SDWebImage (3.7.1):
    - SDWebImage/Core
  - SDWebImage/Core (3.7.1)
  - SVProgressHUD (1.0)
  - SVPullToRefresh (0.4.1)

DEPENDENCIES:
  - AFNetworking
  - ALMoviePlayerController (~> 0.3.0)
  - EasyTableView
  - FMDB
  - JSONKit (~> 1.4)
  - OpenUDID
  - pop (~> 1.0)
  - Reachability (~> 3.0.0)
  - RegexKitLite
  - SDWebImage
  - SVProgressHUD
  - SVPullToRefresh

SPEC CHECKSUMS:
  AFNetworking: 6d7b76aa5d04c8c37daad3eef4b7e3f2a7620da3
  ALMoviePlayerController: bee05da71110002321ba4f87dc021e97348d7a6a
  EasyTableView: 707b1d7860c53ee0208c68da2a214a1e6a2633b7
  FMDB: 31ec26773c7f7b7890a6038235a1f2bbd933a7cb
  JSONKit: efef3bbd3372ff33f96b9c6f34cf4fe18e74ab69
  OpenUDID: 5a23b7477755efc2d7871b57aa79ba3089c40b74
  pop: e518794da38942c05255eb64b36d894e70cb4f00
  Reachability: d369b8d7d33730a4bb71d0f601e287da9867c9dd
  RegexKitLite: 761b4944f23cb8fe20697b2e47be0689fd832c09
  SDWebImage: 116e88633b5b416ea0ca4b334a4ac59cf72dd38d
  SVProgressHUD: 5034c6e22b8c2ca3e09402e48d41ed0340aa1c50
  SVPullToRefresh: d5161ebc833a38b465364412e5e307ca80bbb190

COCOAPODS: 0.33.1
